
Microsoft Visual Studio Solution File, Format Version 12.00
# Visual Studio Version 16
VisualStudioVersion = 16.0.30523.141
MinimumVisualStudioVersion = 10.0.40219.1
Project("{FAE04EC0-301F-11D3-BF4B-00C04F79EFBC}") = "coffeehouse", "coffeehouse\coffeehouse.csproj", "{68A2C610-2125-479D-811B-4B0FC5659167}"
EndProject
Global
	GlobalSection(SolutionConfigurationPlatforms) = preSolution
		Debug|Any CPU = Debug|Any CPU
		Release|Any CPU = Release|Any CPU
	EndGlobalSection
	GlobalSection(ProjectConfigurationPlatforms) = postSolution
		{68A2C610-2125-479D-811B-4B0FC5659167}.Debug|Any CPU.ActiveCfg = Debug|Any CPU
		{68A2C610-2125-479D-811B-4B0FC5659167}.Debug|Any CPU.Build.0 = Debug|Any CPU
		{68A2C610-2125-479D-811B-4B0FC5659167}.Release|Any CPU.ActiveCfg = Release|Any CPU
		{68A2C610-2125-479D-811B-4B0FC5659167}.Release|Any CPU.Build.0 = Release|Any CPU
	EndGlobalSection
	GlobalSection(SolutionProperties) = preSolution
		HideSolutionNode = FALSE
	EndGlobalSection
	GlobalSection(ExtensibilityGlobals) = postSolution
		SolutionGuid = {91C481D6-F692-4268-8B26-A1EA1743FA9D}
	EndGlobalSection
EndGlobal
